{
  "name": "runway-seedance-video-skill",
  "lockfileVersion": 3,
  "requires": true,
  "packages": {
    "": {
      "name": "runway-seedance-video-skill",
      "dependencies": {
        "@runwayml/sdk": "*"
      }
    },
    "node_modules/@runwayml/sdk": {
      "version": "3.21.1",
      "resolved": "https://registry.npmjs.org/@runwayml/sdk/-/sdk-3.21.1.tgz",
      "integrity": "sha512-8wg3mNuRfZCw9YXnv/9s050o4ks9HDJtX89/2PFIlyyXPfDkx2NVipgBgrv03fDmxPtKGSRhhugL33eFTZnfAg==",
      "license": "Apache-2.0",
      "bin": {
        "runwayml-sdk": "bin/cli"
      }
    }
  }
}
